
Microsoft Visual Studio Solution File, Format Version 12.00
# Visual Studio Version 17
VisualStudioVersion = 17.13.35931.197 d17.13
MinimumVisualStudioVersion = 10.0.40219.1
Project("{FAE04EC0-301F-11D3-BF4B-00C04F79EFBC}") = "nuevo SCI", "nuevo SCI\nuevo SCI.csproj", "{8929B6D4-5FA0-4082-BE96-6EDF7A76AD17}"
EndProject
Global
	GlobalSection(SolutionConfigurationPlatforms) = preSolution
		Debug|Any CPU = Debug|Any CPU
		Release|Any CPU = Release|Any CPU
	EndGlobalSection
	GlobalSection(ProjectConfigurationPlatforms) = postSolution
		{8929B6D4-5FA0-4082-BE96-6EDF7A76AD17}.Debug|Any CPU.ActiveCfg = Debug|Any CPU
		{8929B6D4-5FA0-4082-BE96-6EDF7A76AD17}.Debug|Any CPU.Build.0 = Debug|Any CPU
		{8929B6D4-5FA0-4082-BE96-6EDF7A76AD17}.Release|Any CPU.ActiveCfg = Release|Any CPU
		{8929B6D4-5FA0-4082-BE96-6EDF7A76AD17}.Release|Any CPU.Build.0 = Release|Any CPU
	EndGlobalSection
	GlobalSection(SolutionProperties) = preSolution
		HideSolutionNode = FALSE
	EndGlobalSection
	GlobalSection(ExtensibilityGlobals) = postSolution
		SolutionGuid = {E20EAC5B-C4CC-4D8A-8C20-F417A94F0D1F}
	EndGlobalSection
EndGlobal
